
Microsoft Visual Studio Solution File, Format Version 12.00
# Visual Studio Version 17
VisualStudioVersion = 17.7.34024.191
MinimumVisualStudioVersion = 10.0.40219.1
Project("{9A19103F-16F7-4668-BE54-9A1E7A4F7556}") = "CurrencyConverterProject", "CurrencyConverterProject\CurrencyConverterProject.csproj", "{CA3DFEBC-3D52-4FD6-97E0-4E78E675E57E}"
EndProject
Project("{FAE04EC0-301F-11D3-BF4B-00C04F79EFBC}") = "UnitTest", "UnitTest\UnitTest.csproj", "{CC494CAD-CA8A-4798-8031-BA4A95DB251B}"
EndProject
Global
	GlobalSection(SolutionConfigurationPlatforms) = preSolution
		Debug|Any CPU = Debug|Any CPU
		Release|Any CPU = Release|Any CPU
	EndGlobalSection
	GlobalSection(ProjectConfigurationPlatforms) = postSolution
		{CA3DFEBC-3D52-4FD6-97E0-4E78E675E57E}.Debug|Any CPU.ActiveCfg = Debug|Any CPU
		{CA3DFEBC-3D52-4FD6-97E0-4E78E675E57E}.Debug|Any CPU.Build.0 = Debug|Any CPU
		{CA3DFEBC-3D52-4FD6-97E0-4E78E675E57E}.Release|Any CPU.ActiveCfg = Release|Any CPU
		{CA3DFEBC-3D52-4FD6-97E0-4E78E675E57E}.Release|Any CPU.Build.0 = Release|Any CPU
		{CC494CAD-CA8A-4798-8031-BA4A95DB251B}.Debug|Any CPU.ActiveCfg = Debug|Any CPU
		{CC494CAD-CA8A-4798-8031-BA4A95DB251B}.Debug|Any CPU.Build.0 = Debug|Any CPU
		{CC494CAD-CA8A-4798-8031-BA4A95DB251B}.Release|Any CPU.ActiveCfg = Release|Any CPU
		{CC494CAD-CA8A-4798-8031-BA4A95DB251B}.Release|Any CPU.Build.0 = Release|Any CPU
	EndGlobalSection
	GlobalSection(SolutionProperties) = preSolution
		HideSolutionNode = FALSE
	EndGlobalSection
	GlobalSection(ExtensibilityGlobals) = postSolution
		SolutionGuid = {9DA866D5-39CC-4942-AF5A-A94E986B30CF}
	EndGlobalSection
EndGlobal
